
Microsoft Visual Studio Solution File, Format Version 12.00
# Visual Studio Version 17
VisualStudioVersion = 17.9.34728.123
MinimumVisualStudioVersion = 10.0.40219.1
Project("{9A19103F-16F7-4668-BE54-9A1E7A4F7556}") = "MyProject", "MyProject.csproj", "{1430000D-BAD5-40A8-8AD5-2958EFA1EF39}"
EndProject
Global
	GlobalSection(SolutionConfigurationPlatforms) = preSolution
		Debug|Any CPU = Debug|Any CPU
		Release|Any CPU = Release|Any CPU
	EndGlobalSection
	GlobalSection(ProjectConfigurationPlatforms) = postSolution
		{1430000D-BAD5-40A8-8AD5-2958EFA1EF39}.Debug|Any CPU.ActiveCfg = Debug|Any CPU
		{1430000D-BAD5-40A8-8AD5-2958EFA1EF39}.Debug|Any CPU.Build.0 = Debug|Any CPU
		{1430000D-BAD5-40A8-8AD5-2958EFA1EF39}.Release|Any CPU.ActiveCfg = Release|Any CPU
		{1430000D-BAD5-40A8-8AD5-2958EFA1EF39}.Release|Any CPU.Build.0 = Release|Any CPU
	EndGlobalSection
	GlobalSection(SolutionProperties) = preSolution
		HideSolutionNode = FALSE
	EndGlobalSection
	GlobalSection(ExtensibilityGlobals) = postSolution
		SolutionGuid = {FF92D412-830E-44DD-965A-9F89FD24FA8C}
	EndGlobalSection
EndGlobal
